
Microsoft Visual Studio Solution File, Format Version 12.00
# Visual Studio 2013
VisualStudioVersion = 12.0.21005.1
MinimumVisualStudioVersion = 10.0.40219.1
Project("{8D9C8A9D-5DED-4B64-BF65-B598BA549D93}") = "FourCascadingPickLists", "FourCascadingPickLists\FourCascadingPickLists.lsxproj", "{FED35767-070F-495D-9E70-85FE0CA2177B}"
EndProject
Project("{FAE04EC0-301F-11D3-BF4B-00C04F79EFBC}") = "FourCascadingPickLists.Server", "FourCascadingPickLists\FourCascadingPickLists.Server\FourCascadingPickLists.Server.csproj", "{38B13393-BC5F-4649-946B-D633A4D57295}"
EndProject
Project("{262852C6-CD72-467D-83FE-5EEB1973A190}") = "FourCascadingPickLists.HTMLClient", "FourCascadingPickLists\FourCascadingPickLists.HTMLClient\FourCascadingPickLists.HTMLClient.jsproj", "{5D2F0F95-B0C9-4F76-A127-93C94D3B0E55}"
EndProject
Global
	GlobalSection(SolutionConfigurationPlatforms) = preSolution
		Debug|Any CPU = Debug|Any CPU
		Release|Any CPU = Release|Any CPU
	EndGlobalSection
	GlobalSection(ProjectConfigurationPlatforms) = postSolution
		{FED35767-070F-495D-9E70-85FE0CA2177B}.Debug|Any CPU.ActiveCfg = Debug|Any CPU
		{FED35767-070F-495D-9E70-85FE0CA2177B}.Debug|Any CPU.Build.0 = Debug|Any CPU
		{FED35767-070F-495D-9E70-85FE0CA2177B}.Release|Any CPU.ActiveCfg = Release|Any CPU
		{FED35767-070F-495D-9E70-85FE0CA2177B}.Release|Any CPU.Build.0 = Release|Any CPU
		{38B13393-BC5F-4649-946B-D633A4D57295}.Debug|Any CPU.ActiveCfg = Debug|Any CPU
		{38B13393-BC5F-4649-946B-D633A4D57295}.Debug|Any CPU.Build.0 = Debug|Any CPU
		{38B13393-BC5F-4649-946B-D633A4D57295}.Release|Any CPU.ActiveCfg = Release|Any CPU
		{38B13393-BC5F-4649-946B-D633A4D57295}.Release|Any CPU.Build.0 = Release|Any CPU
		{5D2F0F95-B0C9-4F76-A127-93C94D3B0E55}.Debug|Any CPU.ActiveCfg = Debug|Any CPU
		{5D2F0F95-B0C9-4F76-A127-93C94D3B0E55}.Debug|Any CPU.Build.0 = Debug|Any CPU
		{5D2F0F95-B0C9-4F76-A127-93C94D3B0E55}.Release|Any CPU.ActiveCfg = Release|Any CPU
		{5D2F0F95-B0C9-4F76-A127-93C94D3B0E55}.Release|Any CPU.Build.0 = Release|Any CPU
	EndGlobalSection
	GlobalSection(SolutionProperties) = preSolution
		HideSolutionNode = FALSE
	EndGlobalSection
EndGlobal
